
Microsoft Visual Studio Solution File, Format Version 12.00
# Visual Studio Version 17
VisualStudioVersion = 17.11.35208.52
MinimumVisualStudioVersion = 10.0.40219.1
Project("{FAE04EC0-301F-11D3-BF4B-00C04F79EFBC}") = "MultiPrecisionComplexFitting", "MultiPrecisionComplexFitting\\MultiPrecisionComplexFitting.csproj", "{B3760206-66D4-47CB-A07E-EEFF67D52059}"
EndProject
Project("{FAE04EC0-301F-11D3-BF4B-00C04F79EFBC}") = "MultiPrecisionComplexFittingTest", "MultiPrecisionComplexFittingTest\\MultiPrecisionComplexFittingTest.csproj", "{D0602D21-F8B4-461C-B07C-D4BB2502F3CC}"
	ProjectSection(ProjectDependencies) = postProject
		{B3760206-66D4-47CB-A07E-EEFF67D52059} = {B3760206-66D4-47CB-A07E-EEFF67D52059}
	EndProjectSection
EndProject
Global
	GlobalSection(SolutionConfigurationPlatforms) = preSolution
		Debug|Any CPU = Debug|Any CPU
		Release|Any CPU = Release|Any CPU
	EndGlobalSection
	GlobalSection(ProjectConfigurationPlatforms) = postSolution
		{B3760206-66D4-47CB-A07E-EEFF67D52059}.Debug|Any CPU.ActiveCfg = Debug|Any CPU
		{B3760206-66D4-47CB-A07E-EEFF67D52059}.Debug|Any CPU.Build.0 = Debug|Any CPU
		{B3760206-66D4-47CB-A07E-EEFF67D52059}.Release|Any CPU.ActiveCfg = Release|Any CPU
		{B3760206-66D4-47CB-A07E-EEFF67D52059}.Release|Any CPU.Build.0 = Release|Any CPU
		{D0602D21-F8B4-461C-B07C-D4BB2502F3CC}.Debug|Any CPU.ActiveCfg = Debug|Any CPU
		{D0602D21-F8B4-461C-B07C-D4BB2502F3CC}.Debug|Any CPU.Build.0 = Debug|Any CPU
		{D0602D21-F8B4-461C-B07C-D4BB2502F3CC}.Release|Any CPU.ActiveCfg = Release|Any CPU
		{D0602D21-F8B4-461C-B07C-D4BB2502F3CC}.Release|Any CPU.Build.0 = Release|Any CPU
	EndGlobalSection
	GlobalSection(SolutionProperties) = preSolution
		HideSolutionNode = FALSE
	EndGlobalSection
	GlobalSection(ExtensibilityGlobals) = postSolution
		SolutionGuid = {2CB26FFF-8516-4C87-8AAF-BC7DAE8B1D84}
	EndGlobalSection
EndGlobal
